
Microsoft Visual Studio Solution File, Format Version 12.00
# Visual Studio 15
VisualStudioVersion = 15.0.28307.329
MinimumVisualStudioVersion = 10.0.40219.1
Project("{FAE04EC0-301F-11D3-BF4B-00C04F79EFBC}") = "MyShop.Core", "MyShop.Core\MyShop.Core.csproj", "{2EE1FD4C-8FEA-4ED4-A1ED-65851D957706}"
EndProject
Project("{FAE04EC0-301F-11D3-BF4B-00C04F79EFBC}") = "MyShop.Services", "MyShop.Services\MyShop.Services.csproj", "{C41E5802-1568-42B4-B34C-0E1307E79D8F}"
EndProject
Project("{FAE04EC0-301F-11D3-BF4B-00C04F79EFBC}") = "MyShop.DataAccess.SQL", "MyShop.DataAccess.SQL\MyShop.DataAccess.SQL.csproj", "{111D7D73-B3B7-422E-A1D8-D00F9BE04CBE}"
EndProject
Project("{FAE04EC0-301F-11D3-BF4B-00C04F79EFBC}") = "MyShop.DataAccess.InMemory", "MyShop.DataAccess.InMemory\MyShop.DataAccess.InMemory.csproj", "{2D707E40-B3FE-481A-BC7F-ECD98218DBA3}"
EndProject
Project("{FAE04EC0-301F-11D3-BF4B-00C04F79EFBC}") = "MyShop.WebUI", "MyShop.WebUI\MyShop.WebUI.csproj", "{E306C7D6-EA2F-4B72-997B-8CF0B21E829B}"
EndProject
Project("{FAE04EC0-301F-11D3-BF4B-00C04F79EFBC}") = "MyShop.WebUI.Tests", "MyShop.WebUI.Tests\MyShop.WebUI.Tests.csproj", "{BCE19E8B-8F1D-4580-85ED-CB465C43CAD6}"
EndProject
Global
	GlobalSection(SolutionConfigurationPlatforms) = preSolution
		Debug|Any CPU = Debug|Any CPU
		Release|Any CPU = Release|Any CPU
	EndGlobalSection
	GlobalSection(ProjectConfigurationPlatforms) = postSolution
		{2EE1FD4C-8FEA-4ED4-A1ED-65851D957706}.Debug|Any CPU.ActiveCfg = Debug|Any CPU
		{2EE1FD4C-8FEA-4ED4-A1ED-65851D957706}.Debug|Any CPU.Build.0 = Debug|Any CPU
		{2EE1FD4C-8FEA-4ED4-A1ED-65851D957706}.Release|Any CPU.ActiveCfg = Release|Any CPU
		{2EE1FD4C-8FEA-4ED4-A1ED-65851D957706}.Release|Any CPU.Build.0 = Release|Any CPU
		{C41E5802-1568-42B4-B34C-0E1307E79D8F}.Debug|Any CPU.ActiveCfg = Debug|Any CPU
		{C41E5802-1568-42B4-B34C-0E1307E79D8F}.Debug|Any CPU.Build.0 = Debug|Any CPU
		{C41E5802-1568-42B4-B34C-0E1307E79D8F}.Release|Any CPU.ActiveCfg = Release|Any CPU
		{C41E5802-1568-42B4-B34C-0E1307E79D8F}.Release|Any CPU.Build.0 = Release|Any CPU
		{111D7D73-B3B7-422E-A1D8-D00F9BE04CBE}.Debug|Any CPU.ActiveCfg = Debug|Any CPU
		{111D7D73-B3B7-422E-A1D8-D00F9BE04CBE}.Debug|Any CPU.Build.0 = Debug|Any CPU
		{111D7D73-B3B7-422E-A1D8-D00F9BE04CBE}.Release|Any CPU.ActiveCfg = Release|Any CPU
		{111D7D73-B3B7-422E-A1D8-D00F9BE04CBE}.Release|Any CPU.Build.0 = Release|Any CPU
		{2D707E40-B3FE-481A-BC7F-ECD98218DBA3}.Debug|Any CPU.ActiveCfg = Debug|Any CPU
		{2D707E40-B3FE-481A-BC7F-ECD98218DBA3}.Debug|Any CPU.Build.0 = Debug|Any CPU
		{2D707E40-B3FE-481A-BC7F-ECD98218DBA3}.Release|Any CPU.ActiveCfg = Release|Any CPU
		{2D707E40-B3FE-481A-BC7F-ECD98218DBA3}.Release|Any CPU.Build.0 = Release|Any CPU
		{E306C7D6-EA2F-4B72-997B-8CF0B21E829B}.Debug|Any CPU.ActiveCfg = Debug|Any CPU
		{E306C7D6-EA2F-4B72-997B-8CF0B21E829B}.Debug|Any CPU.Build.0 = Debug|Any CPU
		{E306C7D6-EA2F-4B72-997B-8CF0B21E829B}.Release|Any CPU.ActiveCfg = Release|Any CPU
		{E306C7D6-EA2F-4B72-997B-8CF0B21E829B}.Release|Any CPU.Build.0 = Release|Any CPU
		{BCE19E8B-8F1D-4580-85ED-CB465C43CAD6}.Debug|Any CPU.ActiveCfg = Debug|Any CPU
		{BCE19E8B-8F1D-4580-85ED-CB465C43CAD6}.Debug|Any CPU.Build.0 = Debug|Any CPU
		{BCE19E8B-8F1D-4580-85ED-CB465C43CAD6}.Release|Any CPU.ActiveCfg = Release|Any CPU
		{BCE19E8B-8F1D-4580-85ED-CB465C43CAD6}.Release|Any CPU.Build.0 = Release|Any CPU
	EndGlobalSection
	GlobalSection(SolutionProperties) = preSolution
		HideSolutionNode = FALSE
	EndGlobalSection
	GlobalSection(ExtensibilityGlobals) = postSolution
		SolutionGuid = {9238B78F-EE50-423B-BAB0-965F229A1390}
	EndGlobalSection
EndGlobal
